
Microsoft Visual Studio Solution File, Format Version 12.00
# Visual Studio Version 16
VisualStudioVersion = 16.0.28729.10
MinimumVisualStudioVersion = 10.0.40219.1
Project("{FAE04EC0-301F-11D3-BF4B-00C04F79EFBC}") = "CobWeb", "CobWeb\CobWeb.csproj", "{B7CD1CDC-BE42-414B-837B-75BEF63F7423}"
EndProject
Project("{FAE04EC0-301F-11D3-BF4B-00C04F79EFBC}") = "CobWeb.Util", "CobWeb.Util\CobWeb.Util.csproj", "{1BD9FFD9-F0F6-479E-95A0-8F5F3E303DAC}"
EndProject
Project("{FAE04EC0-301F-11D3-BF4B-00C04F79EFBC}") = "CobWeb.Browser", "CobWeb.Browser\CobWeb.Browser.csproj", "{A72285A4-4681-490F-A0AC-9A6C3CB8C465}"
EndProject
Project("{2150E333-8FDC-42A3-9474-1A3956D46DE8}") = "Adapter", "Adapter", "{B2ADECF3-B1F3-484C-97B9-CCF69756B56F}"
EndProject
Project("{2150E333-8FDC-42A3-9474-1A3956D46DE8}") = "Solution Items", "Solution Items", "{1B1BFEA0-3A81-44EE-B965-12DE5DF567C7}"
	ProjectSection(SolutionItems) = preProject
		mark.txt = mark.txt
	EndProjectSection
EndProject
Project("{FAE04EC0-301F-11D3-BF4B-00C04F79EFBC}") = "CobWeb.AProcess", "CobWeb.AProcess\CobWeb.AProcess.csproj", "{7A3E0CF9-7200-482F-B344-84A19F220336}"
EndProject
Project("{2150E333-8FDC-42A3-9474-1A3956D46DE8}") = "Test", "Test", "{8EB04D0D-04B0-467C-9432-B1BB65DBFF35}"
EndProject
Project("{FAE04EC0-301F-11D3-BF4B-00C04F79EFBC}") = "CobWeb.Core", "CobWeb.Core\CobWeb.Core.csproj", "{70495056-0B80-490D-B268-6396A2563404}"
EndProject
Project("{2150E333-8FDC-42A3-9474-1A3956D46DE8}") = "Business", "Business", "{D03CA43A-3EEC-4450-8749-1A4CD4FBD28B}"
EndProject
Project("{FAE04EC0-301F-11D3-BF4B-00C04F79EFBC}") = "TaobaoSpider", "Business\TaobaoSpider\TaobaoSpider.csproj", "{756489E2-BF42-4B57-87D2-DC1B8739C715}"
EndProject
Project("{FAE04EC0-301F-11D3-BF4B-00C04F79EFBC}") = "CobWeb.Test", "Test\CobWeb.Test\CobWeb.Test.csproj", "{22C695E3-DEC0-41B4-8731-E1C5BD742592}"
EndProject
Project("{FAE04EC0-301F-11D3-BF4B-00C04F79EFBC}") = "CobWeb.UnitTest", "Test\CobWeb.UnitTest\CobWeb.UnitTest.csproj", "{9F8D5CA5-5421-450C-92CC-87F8BD95C1D3}"
EndProject
Project("{FAE04EC0-301F-11D3-BF4B-00C04F79EFBC}") = "NamedPipeClient", "Test\NamedPipeClient\NamedPipeClient.csproj", "{2B4B4F4C-2844-48FF-B08D-2AEAEC82684D}"
EndProject
Project("{FAE04EC0-301F-11D3-BF4B-00C04F79EFBC}") = "NamedPipeServer", "Test\NamedPipeServer\NamedPipeServer.csproj", "{7259B0F1-D6DE-4EDC-8B1A-00ADBB359555}"
EndProject
Project("{FAE04EC0-301F-11D3-BF4B-00C04F79EFBC}") = "CobWeb.DashBoard", "Adapter\CobWeb.DashBoard\CobWeb.DashBoard.csproj", "{EAB857AF-7277-43B2-A5C5-BA621C7727B3}"
EndProject
Project("{2150E333-8FDC-42A3-9474-1A3956D46DE8}") = "Server", "Server", "{2ED79876-7EC5-40C5-A3A5-EE8F13CCBCCE}"
EndProject
Project("{FAE04EC0-301F-11D3-BF4B-00C04F79EFBC}") = "CobWeb.Server", "Server\CobWeb.Server\CobWeb.Server.csproj", "{6B67A154-14EC-4CCB-8FD8-52A915346F12}"
EndProject
Project("{FAE04EC0-301F-11D3-BF4B-00C04F79EFBC}") = "VritualCobWeb", "Test\VritualCobWeb\VritualCobWeb.csproj", "{72356A29-9407-4F47-9032-ABCF772A5CBB}"
EndProject
Project("{FAE04EC0-301F-11D3-BF4B-00C04F79EFBC}") = "Ithome", "Business\Ithome\Ithome.csproj", "{3DD5DB7E-B383-465C-878A-07E8B6FB688E}"
EndProject
Project("{FAE04EC0-301F-11D3-BF4B-00C04F79EFBC}") = "Cqa.91bihu", "Business\Cqa.91bihu\Cqa.91bihu.csproj", "{DF9E7897-4E56-4109-A698-CB20EBAF2DBA}"
EndProject
Project("{FAE04EC0-301F-11D3-BF4B-00C04F79EFBC}") = "CobWeb.Adapter", "Adapter\CobWeb.Adapter\CobWeb.Adapter.csproj", "{5AD08285-C1E2-4CDD-BFFD-A7FE7259FBE9}"
EndProject
Project("{FAE04EC0-301F-11D3-BF4B-00C04F79EFBC}") = "CL.Spider", "Business\CL.Spider\CL.Spider.csproj", "{D3CDDB8F-A053-40D3-8075-768DB4967211}"
EndProject
Global
	GlobalSection(SolutionConfigurationPlatforms) = preSolution
		Debug|Any CPU = Debug|Any CPU
		Debug|x86 = Debug|x86
		Release|Any CPU = Release|Any CPU
		Release|x86 = Release|x86
	EndGlobalSection
	GlobalSection(ProjectConfigurationPlatforms) = postSolution
		{B7CD1CDC-BE42-414B-837B-75BEF63F7423}.Debug|Any CPU.ActiveCfg = Debug|x86
		{B7CD1CDC-BE42-414B-837B-75BEF63F7423}.Debug|x86.ActiveCfg = Debug|x86
		{B7CD1CDC-BE42-414B-837B-75BEF63F7423}.Debug|x86.Build.0 = Debug|x86
		{B7CD1CDC-BE42-414B-837B-75BEF63F7423}.Release|Any CPU.ActiveCfg = Release|x86
		{B7CD1CDC-BE42-414B-837B-75BEF63F7423}.Release|x86.ActiveCfg = Release|x86
		{B7CD1CDC-BE42-414B-837B-75BEF63F7423}.Release|x86.Build.0 = Release|x86
		{1BD9FFD9-F0F6-479E-95A0-8F5F3E303DAC}.Debug|Any CPU.ActiveCfg = Debug|Any CPU
		{1BD9FFD9-F0F6-479E-95A0-8F5F3E303DAC}.Debug|Any CPU.Build.0 = Debug|Any CPU
		{1BD9FFD9-F0F6-479E-95A0-8F5F3E303DAC}.Debug|x86.ActiveCfg = Debug|Any CPU
		{1BD9FFD9-F0F6-479E-95A0-8F5F3E303DAC}.Debug|x86.Build.0 = Debug|Any CPU
		{1BD9FFD9-F0F6-479E-95A0-8F5F3E303DAC}.Release|Any CPU.ActiveCfg = Release|Any CPU
		{1BD9FFD9-F0F6-479E-95A0-8F5F3E303DAC}.Release|Any CPU.Build.0 = Release|Any CPU
		{1BD9FFD9-F0F6-479E-95A0-8F5F3E303DAC}.Release|x86.ActiveCfg = Release|Any CPU
		{1BD9FFD9-F0F6-479E-95A0-8F5F3E303DAC}.Release|x86.Build.0 = Release|Any CPU
		{A72285A4-4681-490F-A0AC-9A6C3CB8C465}.Debug|Any CPU.ActiveCfg = Debug|Any CPU
		{A72285A4-4681-490F-A0AC-9A6C3CB8C465}.Debug|Any CPU.Build.0 = Debug|Any CPU
		{A72285A4-4681-490F-A0AC-9A6C3CB8C465}.Debug|x86.ActiveCfg = Debug|Any CPU
		{A72285A4-4681-490F-A0AC-9A6C3CB8C465}.Debug|x86.Build.0 = Debug|Any CPU
		{A72285A4-4681-490F-A0AC-9A6C3CB8C465}.Release|Any CPU.ActiveCfg = Release|Any CPU
		{A72285A4-4681-490F-A0AC-9A6C3CB8C465}.Release|Any CPU.Build.0 = Release|Any CPU
		{A72285A4-4681-490F-A0AC-9A6C3CB8C465}.Release|x86.ActiveCfg = Release|Any CPU
		{A72285A4-4681-490F-A0AC-9A6C3CB8C465}.Release|x86.Build.0 = Release|Any CPU
		{7A3E0CF9-7200-482F-B344-84A19F220336}.Debug|Any CPU.ActiveCfg = Debug|Any CPU
		{7A3E0CF9-7200-482F-B344-84A19F220336}.Debug|Any CPU.Build.0 = Debug|Any CPU
		{7A3E0CF9-7200-482F-B344-84A19F220336}.Debug|x86.ActiveCfg = Debug|Any CPU
		{7A3E0CF9-7200-482F-B344-84A19F220336}.Debug|x86.Build.0 = Debug|Any CPU
		{7A3E0CF9-7200-482F-B344-84A19F220336}.Release|Any CPU.ActiveCfg = Release|Any CPU
		{7A3E0CF9-7200-482F-B344-84A19F220336}.Release|Any CPU.Build.0 = Release|Any CPU
		{7A3E0CF9-7200-482F-B344-84A19F220336}.Release|x86.ActiveCfg = Release|Any CPU
		{7A3E0CF9-7200-482F-B344-84A19F220336}.Release|x86.Build.0 = Release|Any CPU
		{70495056-0B80-490D-B268-6396A2563404}.Debug|Any CPU.ActiveCfg = Debug|Any CPU
		{70495056-0B80-490D-B268-6396A2563404}.Debug|Any CPU.Build.0 = Debug|Any CPU
		{70495056-0B80-490D-B268-6396A2563404}.Debug|x86.ActiveCfg = Debug|Any CPU
		{70495056-0B80-490D-B268-6396A2563404}.Debug|x86.Build.0 = Debug|Any CPU
		{70495056-0B80-490D-B268-6396A2563404}.Release|Any CPU.ActiveCfg = Release|Any CPU
		{70495056-0B80-490D-B268-6396A2563404}.Release|Any CPU.Build.0 = Release|Any CPU
		{70495056-0B80-490D-B268-6396A2563404}.Release|x86.ActiveCfg = Release|Any CPU
		{70495056-0B80-490D-B268-6396A2563404}.Release|x86.Build.0 = Release|Any CPU
		{756489E2-BF42-4B57-87D2-DC1B8739C715}.Debug|Any CPU.ActiveCfg = Debug|Any CPU
		{756489E2-BF42-4B57-87D2-DC1B8739C715}.Debug|Any CPU.Build.0 = Debug|Any CPU
		{756489E2-BF42-4B57-87D2-DC1B8739C715}.Debug|x86.ActiveCfg = Debug|Any CPU
		{756489E2-BF42-4B57-87D2-DC1B8739C715}.Debug|x86.Build.0 = Debug|Any CPU
		{756489E2-BF42-4B57-87D2-DC1B8739C715}.Release|Any CPU.ActiveCfg = Release|Any CPU
		{756489E2-BF42-4B57-87D2-DC1B8739C715}.Release|Any CPU.Build.0 = Release|Any CPU
		{756489E2-BF42-4B57-87D2-DC1B8739C715}.Release|x86.ActiveCfg = Release|Any CPU
		{756489E2-BF42-4B57-87D2-DC1B8739C715}.Release|x86.Build.0 = Release|Any CPU
		{22C695E3-DEC0-41B4-8731-E1C5BD742592}.Debug|Any CPU.ActiveCfg = Debug|Any CPU
		{22C695E3-DEC0-41B4-8731-E1C5BD742592}.Debug|Any CPU.Build.0 = Debug|Any CPU
		{22C695E3-DEC0-41B4-8731-E1C5BD742592}.Debug|x86.ActiveCfg = Debug|Any CPU
		{22C695E3-DEC0-41B4-8731-E1C5BD742592}.Debug|x86.Build.0 = Debug|Any CPU
		{22C695E3-DEC0-41B4-8731-E1C5BD742592}.Release|Any CPU.ActiveCfg = Release|Any CPU
		{22C695E3-DEC0-41B4-8731-E1C5BD742592}.Release|Any CPU.Build.0 = Release|Any CPU
		{22C695E3-DEC0-41B4-8731-E1C5BD742592}.Release|x86.ActiveCfg = Release|Any CPU
		{22C695E3-DEC0-41B4-8731-E1C5BD742592}.Release|x86.Build.0 = Release|Any CPU
		{9F8D5CA5-5421-450C-92CC-87F8BD95C1D3}.Debug|Any CPU.ActiveCfg = Debug|Any CPU
		{9F8D5CA5-5421-450C-92CC-87F8BD95C1D3}.Debug|Any CPU.Build.0 = Debug|Any CPU
		{9F8D5CA5-5421-450C-92CC-87F8BD95C1D3}.Debug|x86.ActiveCfg = Debug|Any CPU
		{9F8D5CA5-5421-450C-92CC-87F8BD95C1D3}.Debug|x86.Build.0 = Debug|Any CPU
		{9F8D5CA5-5421-450C-92CC-87F8BD95C1D3}.Release|Any CPU.ActiveCfg = Release|Any CPU
		{9F8D5CA5-5421-450C-92CC-87F8BD95C1D3}.Release|Any CPU.Build.0 = Release|Any CPU
		{9F8D5CA5-5421-450C-92CC-87F8BD95C1D3}.Release|x86.ActiveCfg = Release|Any CPU
		{9F8D5CA5-5421-450C-92CC-87F8BD95C1D3}.Release|x86.Build.0 = Release|Any CPU
		{2B4B4F4C-2844-48FF-B08D-2AEAEC82684D}.Debug|Any CPU.ActiveCfg = Debug|Any CPU
		{2B4B4F4C-2844-48FF-B08D-2AEAEC82684D}.Debug|Any CPU.Build.0 = Debug|Any CPU
		{2B4B4F4C-2844-48FF-B08D-2AEAEC82684D}.Debug|x86.ActiveCfg = Debug|Any CPU
		{2B4B4F4C-2844-48FF-B08D-2AEAEC82684D}.Debug|x86.Build.0 = Debug|Any CPU
		{2B4B4F4C-2844-48FF-B08D-2AEAEC82684D}.Release|Any CPU.ActiveCfg = Release|Any CPU
		{2B4B4F4C-2844-48FF-B08D-2AEAEC82684D}.Release|Any CPU.Build.0 = Release|Any CPU
		{2B4B4F4C-2844-48FF-B08D-2AEAEC82684D}.Release|x86.ActiveCfg = Release|Any CPU
		{2B4B4F4C-2844-48FF-B08D-2AEAEC82684D}.Release|x86.Build.0 = Release|Any CPU
		{7259B0F1-D6DE-4EDC-8B1A-00ADBB359555}.Debug|Any CPU.ActiveCfg = Debug|Any CPU
		{7259B0F1-D6DE-4EDC-8B1A-00ADBB359555}.Debug|Any CPU.Build.0 = Debug|Any CPU
		{7259B0F1-D6DE-4EDC-8B1A-00ADBB359555}.Debug|x86.ActiveCfg = Debug|Any CPU
		{7259B0F1-D6DE-4EDC-8B1A-00ADBB359555}.Debug|x86.Build.0 = Debug|Any CPU
		{7259B0F1-D6DE-4EDC-8B1A-00ADBB359555}.Release|Any CPU.ActiveCfg = Release|Any CPU
		{7259B0F1-D6DE-4EDC-8B1A-00ADBB359555}.Release|Any CPU.Build.0 = Release|Any CPU
		{7259B0F1-D6DE-4EDC-8B1A-00ADBB359555}.Release|x86.ActiveCfg = Release|Any CPU
		{7259B0F1-D6DE-4EDC-8B1A-00ADBB359555}.Release|x86.Build.0 = Release|Any CPU
		{EAB857AF-7277-43B2-A5C5-BA621C7727B3}.Debug|Any CPU.ActiveCfg = Debug|Any CPU
		{EAB857AF-7277-43B2-A5C5-BA621C7727B3}.Debug|Any CPU.Build.0 = Debug|Any CPU
		{EAB857AF-7277-43B2-A5C5-BA621C7727B3}.Debug|x86.ActiveCfg = Debug|Any CPU
		{EAB857AF-7277-43B2-A5C5-BA621C7727B3}.Debug|x86.Build.0 = Debug|Any CPU
		{EAB857AF-7277-43B2-A5C5-BA621C7727B3}.Release|Any CPU.ActiveCfg = Release|Any CPU
		{EAB857AF-7277-43B2-A5C5-BA621C7727B3}.Release|Any CPU.Build.0 = Release|Any CPU
		{EAB857AF-7277-43B2-A5C5-BA621C7727B3}.Release|x86.ActiveCfg = Release|Any CPU
		{EAB857AF-7277-43B2-A5C5-BA621C7727B3}.Release|x86.Build.0 = Release|Any CPU
		{6B67A154-14EC-4CCB-8FD8-52A915346F12}.Debug|Any CPU.ActiveCfg = Debug|Any CPU
		{6B67A154-14EC-4CCB-8FD8-52A915346F12}.Debug|Any CPU.Build.0 = Debug|Any CPU
		{6B67A154-14EC-4CCB-8FD8-52A915346F12}.Debug|x86.ActiveCfg = Debug|Any CPU
		{6B67A154-14EC-4CCB-8FD8-52A915346F12}.Debug|x86.Build.0 = Debug|Any CPU
		{6B67A154-14EC-4CCB-8FD8-52A915346F12}.Release|Any CPU.ActiveCfg = Release|Any CPU
		{6B67A154-14EC-4CCB-8FD8-52A915346F12}.Release|Any CPU.Build.0 = Release|Any CPU
		{6B67A154-14EC-4CCB-8FD8-52A915346F12}.Release|x86.ActiveCfg = Release|Any CPU
		{6B67A154-14EC-4CCB-8FD8-52A915346F12}.Release|x86.Build.0 = Release|Any CPU
		{72356A29-9407-4F47-9032-ABCF772A5CBB}.Debug|Any CPU.ActiveCfg = Debug|Any CPU
		{72356A29-9407-4F47-9032-ABCF772A5CBB}.Debug|Any CPU.Build.0 = Debug|Any CPU
		{72356A29-9407-4F47-9032-ABCF772A5CBB}.Debug|x86.ActiveCfg = Debug|Any CPU
		{72356A29-9407-4F47-9032-ABCF772A5CBB}.Debug|x86.Build.0 = Debug|Any CPU
		{72356A29-9407-4F47-9032-ABCF772A5CBB}.Release|Any CPU.ActiveCfg = Release|Any CPU
		{72356A29-9407-4F47-9032-ABCF772A5CBB}.Release|Any CPU.Build.0 = Release|Any CPU
		{72356A29-9407-4F47-9032-ABCF772A5CBB}.Release|x86.ActiveCfg = Release|Any CPU
		{72356A29-9407-4F47-9032-ABCF772A5CBB}.Release|x86.Build.0 = Release|Any CPU
		{3DD5DB7E-B383-465C-878A-07E8B6FB688E}.Debug|Any CPU.ActiveCfg = Debug|Any CPU
		{3DD5DB7E-B383-465C-878A-07E8B6FB688E}.Debug|Any CPU.Build.0 = Debug|Any CPU
		{3DD5DB7E-B383-465C-878A-07E8B6FB688E}.Debug|x86.ActiveCfg = Debug|Any CPU
		{3DD5DB7E-B383-465C-878A-07E8B6FB688E}.Debug|x86.Build.0 = Debug|Any CPU
		{3DD5DB7E-B383-465C-878A-07E8B6FB688E}.Release|Any CPU.ActiveCfg = Release|Any CPU
		{3DD5DB7E-B383-465C-878A-07E8B6FB688E}.Release|Any CPU.Build.0 = Release|Any CPU
		{3DD5DB7E-B383-465C-878A-07E8B6FB688E}.Release|x86.ActiveCfg = Release|Any CPU
		{3DD5DB7E-B383-465C-878A-07E8B6FB688E}.Release|x86.Build.0 = Release|Any CPU
		{DF9E7897-4E56-4109-A698-CB20EBAF2DBA}.Debug|Any CPU.ActiveCfg = Debug|Any CPU
		{DF9E7897-4E56-4109-A698-CB20EBAF2DBA}.Debug|Any CPU.Build.0 = Debug|Any CPU
		{DF9E7897-4E56-4109-A698-CB20EBAF2DBA}.Debug|x86.ActiveCfg = Debug|Any CPU
		{DF9E7897-4E56-4109-A698-CB20EBAF2DBA}.Debug|x86.Build.0 = Debug|Any CPU
		{DF9E7897-4E56-4109-A698-CB20EBAF2DBA}.Release|Any CPU.ActiveCfg = Release|Any CPU
		{DF9E7897-4E56-4109-A698-CB20EBAF2DBA}.Release|Any CPU.Build.0 = Release|Any CPU
		{DF9E7897-4E56-4109-A698-CB20EBAF2DBA}.Release|x86.ActiveCfg = Release|Any CPU
		{DF9E7897-4E56-4109-A698-CB20EBAF2DBA}.Release|x86.Build.0 = Release|Any CPU
		{5AD08285-C1E2-4CDD-BFFD-A7FE7259FBE9}.Debug|Any CPU.ActiveCfg = Debug|Any CPU
		{5AD08285-C1E2-4CDD-BFFD-A7FE7259FBE9}.Debug|Any CPU.Build.0 = Debug|Any CPU
		{5AD08285-C1E2-4CDD-BFFD-A7FE7259FBE9}.Debug|x86.ActiveCfg = Debug|Any CPU
		{5AD08285-C1E2-4CDD-BFFD-A7FE7259FBE9}.Debug|x86.Build.0 = Debug|Any CPU
		{5AD08285-C1E2-4CDD-BFFD-A7FE7259FBE9}.Release|Any CPU.ActiveCfg = Release|Any CPU
		{5AD08285-C1E2-4CDD-BFFD-A7FE7259FBE9}.Release|Any CPU.Build.0 = Release|Any CPU
		{5AD08285-C1E2-4CDD-BFFD-A7FE7259FBE9}.Release|x86.ActiveCfg = Release|Any CPU
		{5AD08285-C1E2-4CDD-BFFD-A7FE7259FBE9}.Release|x86.Build.0 = Release|Any CPU
		{D3CDDB8F-A053-40D3-8075-768DB4967211}.Debug|Any CPU.ActiveCfg = Debug|Any CPU
		{D3CDDB8F-A053-40D3-8075-768DB4967211}.Debug|Any CPU.Build.0 = Debug|Any CPU
		{D3CDDB8F-A053-40D3-8075-768DB4967211}.Debug|x86.ActiveCfg = Debug|Any CPU
		{D3CDDB8F-A053-40D3-8075-768DB4967211}.Debug|x86.Build.0 = Debug|Any CPU
		{D3CDDB8F-A053-40D3-8075-768DB4967211}.Release|Any CPU.ActiveCfg = Release|Any CPU
		{D3CDDB8F-A053-40D3-8075-768DB4967211}.Release|Any CPU.Build.0 = Release|Any CPU
		{D3CDDB8F-A053-40D3-8075-768DB4967211}.Release|x86.ActiveCfg = Release|Any CPU
		{D3CDDB8F-A053-40D3-8075-768DB4967211}.Release|x86.Build.0 = Release|Any CPU
	EndGlobalSection
	GlobalSection(SolutionProperties) = preSolution
		HideSolutionNode = FALSE
	EndGlobalSection
	GlobalSection(NestedProjects) = preSolution
		{756489E2-BF42-4B57-87D2-DC1B8739C715} = {D03CA43A-3EEC-4450-8749-1A4CD4FBD28B}
		{22C695E3-DEC0-41B4-8731-E1C5BD742592} = {8EB04D0D-04B0-467C-9432-B1BB65DBFF35}
		{9F8D5CA5-5421-450C-92CC-87F8BD95C1D3} = {8EB04D0D-04B0-467C-9432-B1BB65DBFF35}
		{2B4B4F4C-2844-48FF-B08D-2AEAEC82684D} = {8EB04D0D-04B0-467C-9432-B1BB65DBFF35}
		{7259B0F1-D6DE-4EDC-8B1A-00ADBB359555} = {8EB04D0D-04B0-467C-9432-B1BB65DBFF35}
		{EAB857AF-7277-43B2-A5C5-BA621C7727B3} = {B2ADECF3-B1F3-484C-97B9-CCF69756B56F}
		{6B67A154-14EC-4CCB-8FD8-52A915346F12} = {2ED79876-7EC5-40C5-A3A5-EE8F13CCBCCE}
		{72356A29-9407-4F47-9032-ABCF772A5CBB} = {8EB04D0D-04B0-467C-9432-B1BB65DBFF35}
		{3DD5DB7E-B383-465C-878A-07E8B6FB688E} = {D03CA43A-3EEC-4450-8749-1A4CD4FBD28B}
		{DF9E7897-4E56-4109-A698-CB20EBAF2DBA} = {D03CA43A-3EEC-4450-8749-1A4CD4FBD28B}
		{5AD08285-C1E2-4CDD-BFFD-A7FE7259FBE9} = {B2ADECF3-B1F3-484C-97B9-CCF69756B56F}
		{D3CDDB8F-A053-40D3-8075-768DB4967211} = {D03CA43A-3EEC-4450-8749-1A4CD4FBD28B}
	EndGlobalSection
	GlobalSection(ExtensibilityGlobals) = postSolution
		SolutionGuid = {717653E7-6DC2-46B9-85BC-C8B2AC6DB39E}
	EndGlobalSection
EndGlobal
