
Microsoft Visual Studio Solution File, Format Version 12.00
# Visual Studio 15
VisualStudioVersion = 15.0.26730.16
MinimumVisualStudioVersion = 10.0.40219.1
Project("{FAE04EC0-301F-11D3-BF4B-00C04F79EFBC}") = "CobWeb", "CobWeb\CobWeb.csproj", "{B7CD1CDC-BE42-414B-837B-75BEF63F7423}"
EndProject
Project("{FAE04EC0-301F-11D3-BF4B-00C04F79EFBC}") = "CobWeb.Util", "CobWeb.Util\CobWeb.Util.csproj", "{1BD9FFD9-F0F6-479E-95A0-8F5F3E303DAC}"
EndProject
Project("{FAE04EC0-301F-11D3-BF4B-00C04F79EFBC}") = "CobWeb.Browser", "CobWeb.Browser\CobWeb.Browser.csproj", "{A72285A4-4681-490F-A0AC-9A6C3CB8C465}"
EndProject
Project("{FAE04EC0-301F-11D3-BF4B-00C04F79EFBC}") = "CobWeb.Test", "CobWeb.Test\CobWeb.Test.csproj", "{22C695E3-DEC0-41B4-8731-E1C5BD742592}"
EndProject
Project("{2150E333-8FDC-42A3-9474-1A3956D46DE8}") = "Adapter", "Adapter", "{B2ADECF3-B1F3-484C-97B9-CCF69756B56F}"
EndProject
Project("{FAE04EC0-301F-11D3-BF4B-00C04F79EFBC}") = "CobWeb.Adapter", "CobWebAdapter\CobWeb.Adapter.csproj", "{5AD08285-C1E2-4CDD-BFFD-A7FE7259FBE9}"
EndProject
Project("{2150E333-8FDC-42A3-9474-1A3956D46DE8}") = "Solution Items", "Solution Items", "{1B1BFEA0-3A81-44EE-B965-12DE5DF567C7}"
	ProjectSection(SolutionItems) = preProject
		mark.txt = mark.txt
	EndProjectSection
EndProject
Project("{FAE04EC0-301F-11D3-BF4B-00C04F79EFBC}") = "CobWeb.AProcess", "CobWeb.AProcess\CobWeb.AProcess.csproj", "{7A3E0CF9-7200-482F-B344-84A19F220336}"
EndProject
Project("{2150E333-8FDC-42A3-9474-1A3956D46DE8}") = "Test", "Test", "{8EB04D0D-04B0-467C-9432-B1BB65DBFF35}"
EndProject
Project("{FAE04EC0-301F-11D3-BF4B-00C04F79EFBC}") = "CobWeb.Temp", "CobWeb.Temp\CobWeb.Temp.csproj", "{4205558F-DE98-4742-BD50-BAEEF8C4FDC2}"
EndProject
Project("{FAE04EC0-301F-11D3-BF4B-00C04F79EFBC}") = "CobWeb.UnitTest", "CobWeb.UnitTest\CobWeb.UnitTest.csproj", "{9F8D5CA5-5421-450C-92CC-87F8BD95C1D3}"
EndProject
Project("{FAE04EC0-301F-11D3-BF4B-00C04F79EFBC}") = "CobWeb.Core", "CobWeb.Core\CobWeb.Core.csproj", "{70495056-0B80-490D-B268-6396A2563404}"
EndProject
Project("{2150E333-8FDC-42A3-9474-1A3956D46DE8}") = "Business", "Business", "{D03CA43A-3EEC-4450-8749-1A4CD4FBD28B}"
EndProject
Project("{FAE04EC0-301F-11D3-BF4B-00C04F79EFBC}") = "TaobaoSpider", "Business\TaobaoSpider\TaobaoSpider.csproj", "{756489E2-BF42-4B57-87D2-DC1B8739C715}"
EndProject
Global
	GlobalSection(SolutionConfigurationPlatforms) = preSolution
		Debug|Any CPU = Debug|Any CPU
		Debug|x86 = Debug|x86
		Release|Any CPU = Release|Any CPU
		Release|x86 = Release|x86
	EndGlobalSection
	GlobalSection(ProjectConfigurationPlatforms) = postSolution
		{B7CD1CDC-BE42-414B-837B-75BEF63F7423}.Debug|Any CPU.ActiveCfg = Debug|x86
		{B7CD1CDC-BE42-414B-837B-75BEF63F7423}.Debug|x86.ActiveCfg = Debug|x86
		{B7CD1CDC-BE42-414B-837B-75BEF63F7423}.Debug|x86.Build.0 = Debug|x86
		{B7CD1CDC-BE42-414B-837B-75BEF63F7423}.Release|Any CPU.ActiveCfg = Release|x86
		{B7CD1CDC-BE42-414B-837B-75BEF63F7423}.Release|x86.ActiveCfg = Release|x86
		{B7CD1CDC-BE42-414B-837B-75BEF63F7423}.Release|x86.Build.0 = Release|x86
		{1BD9FFD9-F0F6-479E-95A0-8F5F3E303DAC}.Debug|Any CPU.ActiveCfg = Debug|Any CPU
		{1BD9FFD9-F0F6-479E-95A0-8F5F3E303DAC}.Debug|Any CPU.Build.0 = Debug|Any CPU
		{1BD9FFD9-F0F6-479E-95A0-8F5F3E303DAC}.Debug|x86.ActiveCfg = Debug|Any CPU
		{1BD9FFD9-F0F6-479E-95A0-8F5F3E303DAC}.Debug|x86.Build.0 = Debug|Any CPU
		{1BD9FFD9-F0F6-479E-95A0-8F5F3E303DAC}.Release|Any CPU.ActiveCfg = Release|Any CPU
		{1BD9FFD9-F0F6-479E-95A0-8F5F3E303DAC}.Release|Any CPU.Build.0 = Release|Any CPU
		{1BD9FFD9-F0F6-479E-95A0-8F5F3E303DAC}.Release|x86.ActiveCfg = Release|Any CPU
		{1BD9FFD9-F0F6-479E-95A0-8F5F3E303DAC}.Release|x86.Build.0 = Release|Any CPU
		{A72285A4-4681-490F-A0AC-9A6C3CB8C465}.Debug|Any CPU.ActiveCfg = Debug|Any CPU
		{A72285A4-4681-490F-A0AC-9A6C3CB8C465}.Debug|Any CPU.Build.0 = Debug|Any CPU
		{A72285A4-4681-490F-A0AC-9A6C3CB8C465}.Debug|x86.ActiveCfg = Debug|Any CPU
		{A72285A4-4681-490F-A0AC-9A6C3CB8C465}.Debug|x86.Build.0 = Debug|Any CPU
		{A72285A4-4681-490F-A0AC-9A6C3CB8C465}.Release|Any CPU.ActiveCfg = Release|Any CPU
		{A72285A4-4681-490F-A0AC-9A6C3CB8C465}.Release|Any CPU.Build.0 = Release|Any CPU
		{A72285A4-4681-490F-A0AC-9A6C3CB8C465}.Release|x86.ActiveCfg = Release|Any CPU
		{A72285A4-4681-490F-A0AC-9A6C3CB8C465}.Release|x86.Build.0 = Release|Any CPU
		{22C695E3-DEC0-41B4-8731-E1C5BD742592}.Debug|Any CPU.ActiveCfg = Debug|Any CPU
		{22C695E3-DEC0-41B4-8731-E1C5BD742592}.Debug|Any CPU.Build.0 = Debug|Any CPU
		{22C695E3-DEC0-41B4-8731-E1C5BD742592}.Debug|x86.ActiveCfg = Debug|Any CPU
		{22C695E3-DEC0-41B4-8731-E1C5BD742592}.Debug|x86.Build.0 = Debug|Any CPU
		{22C695E3-DEC0-41B4-8731-E1C5BD742592}.Release|Any CPU.ActiveCfg = Release|Any CPU
		{22C695E3-DEC0-41B4-8731-E1C5BD742592}.Release|Any CPU.Build.0 = Release|Any CPU
		{22C695E3-DEC0-41B4-8731-E1C5BD742592}.Release|x86.ActiveCfg = Release|Any CPU
		{22C695E3-DEC0-41B4-8731-E1C5BD742592}.Release|x86.Build.0 = Release|Any CPU
		{5AD08285-C1E2-4CDD-BFFD-A7FE7259FBE9}.Debug|Any CPU.ActiveCfg = Debug|Any CPU
		{5AD08285-C1E2-4CDD-BFFD-A7FE7259FBE9}.Debug|Any CPU.Build.0 = Debug|Any CPU
		{5AD08285-C1E2-4CDD-BFFD-A7FE7259FBE9}.Debug|x86.ActiveCfg = Debug|Any CPU
		{5AD08285-C1E2-4CDD-BFFD-A7FE7259FBE9}.Debug|x86.Build.0 = Debug|Any CPU
		{5AD08285-C1E2-4CDD-BFFD-A7FE7259FBE9}.Release|Any CPU.ActiveCfg = Release|Any CPU
		{5AD08285-C1E2-4CDD-BFFD-A7FE7259FBE9}.Release|Any CPU.Build.0 = Release|Any CPU
		{5AD08285-C1E2-4CDD-BFFD-A7FE7259FBE9}.Release|x86.ActiveCfg = Release|Any CPU
		{5AD08285-C1E2-4CDD-BFFD-A7FE7259FBE9}.Release|x86.Build.0 = Release|Any CPU
		{7A3E0CF9-7200-482F-B344-84A19F220336}.Debug|Any CPU.ActiveCfg = Debug|Any CPU
		{7A3E0CF9-7200-482F-B344-84A19F220336}.Debug|Any CPU.Build.0 = Debug|Any CPU
		{7A3E0CF9-7200-482F-B344-84A19F220336}.Debug|x86.ActiveCfg = Debug|Any CPU
		{7A3E0CF9-7200-482F-B344-84A19F220336}.Debug|x86.Build.0 = Debug|Any CPU
		{7A3E0CF9-7200-482F-B344-84A19F220336}.Release|Any CPU.ActiveCfg = Release|Any CPU
		{7A3E0CF9-7200-482F-B344-84A19F220336}.Release|Any CPU.Build.0 = Release|Any CPU
		{7A3E0CF9-7200-482F-B344-84A19F220336}.Release|x86.ActiveCfg = Release|Any CPU
		{7A3E0CF9-7200-482F-B344-84A19F220336}.Release|x86.Build.0 = Release|Any CPU
		{4205558F-DE98-4742-BD50-BAEEF8C4FDC2}.Debug|Any CPU.ActiveCfg = Debug|Any CPU
		{4205558F-DE98-4742-BD50-BAEEF8C4FDC2}.Debug|Any CPU.Build.0 = Debug|Any CPU
		{4205558F-DE98-4742-BD50-BAEEF8C4FDC2}.Debug|x86.ActiveCfg = Debug|Any CPU
		{4205558F-DE98-4742-BD50-BAEEF8C4FDC2}.Debug|x86.Build.0 = Debug|Any CPU
		{4205558F-DE98-4742-BD50-BAEEF8C4FDC2}.Release|Any CPU.ActiveCfg = Release|Any CPU
		{4205558F-DE98-4742-BD50-BAEEF8C4FDC2}.Release|Any CPU.Build.0 = Release|Any CPU
		{4205558F-DE98-4742-BD50-BAEEF8C4FDC2}.Release|x86.ActiveCfg = Release|Any CPU
		{4205558F-DE98-4742-BD50-BAEEF8C4FDC2}.Release|x86.Build.0 = Release|Any CPU
		{9F8D5CA5-5421-450C-92CC-87F8BD95C1D3}.Debug|Any CPU.ActiveCfg = Debug|Any CPU
		{9F8D5CA5-5421-450C-92CC-87F8BD95C1D3}.Debug|Any CPU.Build.0 = Debug|Any CPU
		{9F8D5CA5-5421-450C-92CC-87F8BD95C1D3}.Debug|x86.ActiveCfg = Debug|Any CPU
		{9F8D5CA5-5421-450C-92CC-87F8BD95C1D3}.Debug|x86.Build.0 = Debug|Any CPU
		{9F8D5CA5-5421-450C-92CC-87F8BD95C1D3}.Release|Any CPU.ActiveCfg = Release|Any CPU
		{9F8D5CA5-5421-450C-92CC-87F8BD95C1D3}.Release|Any CPU.Build.0 = Release|Any CPU
		{9F8D5CA5-5421-450C-92CC-87F8BD95C1D3}.Release|x86.ActiveCfg = Release|Any CPU
		{9F8D5CA5-5421-450C-92CC-87F8BD95C1D3}.Release|x86.Build.0 = Release|Any CPU
		{70495056-0B80-490D-B268-6396A2563404}.Debug|Any CPU.ActiveCfg = Debug|Any CPU
		{70495056-0B80-490D-B268-6396A2563404}.Debug|Any CPU.Build.0 = Debug|Any CPU
		{70495056-0B80-490D-B268-6396A2563404}.Debug|x86.ActiveCfg = Debug|Any CPU
		{70495056-0B80-490D-B268-6396A2563404}.Debug|x86.Build.0 = Debug|Any CPU
		{70495056-0B80-490D-B268-6396A2563404}.Release|Any CPU.ActiveCfg = Release|Any CPU
		{70495056-0B80-490D-B268-6396A2563404}.Release|Any CPU.Build.0 = Release|Any CPU
		{70495056-0B80-490D-B268-6396A2563404}.Release|x86.ActiveCfg = Release|Any CPU
		{70495056-0B80-490D-B268-6396A2563404}.Release|x86.Build.0 = Release|Any CPU
		{756489E2-BF42-4B57-87D2-DC1B8739C715}.Debug|Any CPU.ActiveCfg = Debug|Any CPU
		{756489E2-BF42-4B57-87D2-DC1B8739C715}.Debug|Any CPU.Build.0 = Debug|Any CPU
		{756489E2-BF42-4B57-87D2-DC1B8739C715}.Debug|x86.ActiveCfg = Debug|Any CPU
		{756489E2-BF42-4B57-87D2-DC1B8739C715}.Debug|x86.Build.0 = Debug|Any CPU
		{756489E2-BF42-4B57-87D2-DC1B8739C715}.Release|Any CPU.ActiveCfg = Release|Any CPU
		{756489E2-BF42-4B57-87D2-DC1B8739C715}.Release|Any CPU.Build.0 = Release|Any CPU
		{756489E2-BF42-4B57-87D2-DC1B8739C715}.Release|x86.ActiveCfg = Release|Any CPU
		{756489E2-BF42-4B57-87D2-DC1B8739C715}.Release|x86.Build.0 = Release|Any CPU
	EndGlobalSection
	GlobalSection(SolutionProperties) = preSolution
		HideSolutionNode = FALSE
	EndGlobalSection
	GlobalSection(NestedProjects) = preSolution
		{22C695E3-DEC0-41B4-8731-E1C5BD742592} = {8EB04D0D-04B0-467C-9432-B1BB65DBFF35}
		{5AD08285-C1E2-4CDD-BFFD-A7FE7259FBE9} = {B2ADECF3-B1F3-484C-97B9-CCF69756B56F}
		{9F8D5CA5-5421-450C-92CC-87F8BD95C1D3} = {8EB04D0D-04B0-467C-9432-B1BB65DBFF35}
		{756489E2-BF42-4B57-87D2-DC1B8739C715} = {D03CA43A-3EEC-4450-8749-1A4CD4FBD28B}
	EndGlobalSection
	GlobalSection(ExtensibilityGlobals) = postSolution
		SolutionGuid = {717653E7-6DC2-46B9-85BC-C8B2AC6DB39E}
	EndGlobalSection
EndGlobal
